// !$*UTF8*$!
{
	archiveVersion = 1;
	classes = {
	};
	objectVersion = 46;
	objects = {

/* Begin PBXBuildFile section */
		716B6CC31BC1FDB400C2C6B9 /* main.m in Sources */ = {isa = PBXBuildFile; fileRef = 716B6CC21BC1FDB400C2C6B9 /* main.m */; };
		716B6CC61BC1FDB400C2C6B9 /* AppDelegate.m in Sources */ = {isa = PBXBuildFile; fileRef = 716B6CC51BC1FDB400C2C6B9 /* AppDelegate.m */; };
		716B6CC91BC1FDB400C2C6B9 /* ViewController.m in Sources */ = {isa = PBXBuildFile; fileRef = 716B6CC81BC1FDB400C2C6B9 /* ViewController.m */; };
		716B6CCC1BC1FDB400C2C6B9 /* Main.storyboard in Resources */ = {isa = PBXBuildFile; fileRef = 716B6CCA1BC1FDB400C2C6B9 /* Main.storyboard */; };
		716B6CCE1BC1FDB400C2C6B9 /* Images.xcassets in Resources */ = {isa = PBXBuildFile; fileRef = 716B6CCD1BC1FDB400C2C6B9 /* Images.xcassets */; };
		716B6CD11BC1FDB400C2C6B9 /* LaunchScreen.xib in Resources */ = {isa = PBXBuildFile; fileRef = 716B6CCF1BC1FDB400C2C6B9 /* LaunchScreen.xib */; };
		716B6CDD1BC1FDB400C2C6B9 /* AutoLayoutTests.m in Sources */ = {isa = PBXBuildFile; fileRef = 716B6CDC1BC1FDB400C2C6B9 /* AutoLayoutTests.m */; };
		71F11CFC1BCAB6250017A1BF /* ATHomeTableViewController.m in Sources */ = {isa = PBXBuildFile; fileRef = 71F11CFB1BCAB6250017A1BF /* ATHomeTableViewController.m */; };
/* End PBXBuildFile section */

/* Begin PBXContainerItemProxy section */
		716B6CD71BC1FDB400C2C6B9 /* PBXContainerItemProxy */ = {
			isa = PBXContainerItemProxy;
			containerPortal = 716B6CB51BC1FDB400C2C6B9 /* Project object */;
			proxyType = 1;
			remoteGlobalIDString = 716B6CBC1BC1FDB400C2C6B9;
			remoteInfo = AutoLayout;
		};
/* End PBXContainerItemProxy section */

/* Begin PBXFileReference section */
		716B6CBD1BC1FDB400C2C6B9 /* AutoLayout.app */ = {isa = PBXFileReference; explicitFileType = wrapper.application; includeInIndex = 0; path = AutoLayout.app; sourceTree = BUILT_PRODUCTS_DIR; };
		716B6CC11BC1FDB400C2C6B9 /* Info.plist */ = {isa = PBXFileReference; lastKnownFileType = text.plist.xml; path = Info.plist; sourceTree = "<group>"; };
		716B6CC21BC1FDB400C2C6B9 /* main.m */ = {isa = PBXFileReference; lastKnownFileType = sourcecode.c.objc; path = main.m; sourceTree = "<group>"; };
		716B6CC41BC1FDB400C2C6B9 /* AppDelegate.h */ = {isa = PBXFileReference; lastKnownFileType = sourcecode.c.h; path = AppDelegate.h; sourceTree = "<group>"; };
		716B6CC51BC1FDB400C2C6B9 /* AppDelegate.m */ = {isa = PBXFileReference; lastKnownFileType = sourcecode.c.objc; path = AppDelegate.m; sourceTree = "<group>"; };
		716B6CC71BC1FDB400C2C6B9 /* ViewController.h */ = {isa = PBXFileReference; lastKnownFileType = sourcecode.c.h; path = ViewController.h; sourceTree = "<group>"; };
		716B6CC81BC1FDB400C2C6B9 /* ViewController.m */ = {isa = PBXFileReference; lastKnownFileType = sourcecode.c.objc; path = ViewController.m; sourceTree = "<group>"; };
		716B6CCB1BC1FDB400C2C6B9 /* Base */ = {isa = PBXFileReference; lastKnownFileType = file.storyboard; name = Base; path = Base.lproj/Main.storyboard; sourceTree = "<group>"; };
		716B6CCD1BC1FDB400C2C6B9 /* Images.xcassets */ = {isa = PBXFileReference; lastKnownFileType = folder.assetcatalog; path = Images.xcassets; sourceTree = "<group>"; };
		716B6CD01BC1FDB400C2C6B9 /* Base */ = {isa = PBXFileReference; lastKnownFileType = file.xib; name = Base; path = Base.lproj/LaunchScreen.xib; sourceTree = "<group>"; };
		716B6CD61BC1FDB400C2C6B9 /* AutoLayoutTests.xctest */ = {isa = PBXFileReference; explicitFileType = wrapper.cfbundle; includeInIndex = 0; path = AutoLayoutTests.xctest; sourceTree = BUILT_PRODUCTS_DIR; };
		716B6CDB1BC1FDB400C2C6B9 /* Info.plist */ = {isa = PBXFileReference; lastKnownFileType = text.plist.xml; path = Info.plist; sourceTree = "<group>"; };
		716B6CDC1BC1FDB400C2C6B9 /* AutoLayoutTests.m */ = {isa = PBXFileReference; lastKnownFileType = sourcecode.c.objc; path = AutoLayoutTests.m; sourceTree = "<group>"; };
		71F11CFA1BCAB6250017A1BF /* ATHomeTableViewController.h */ = {isa = PBXFileReference; fileEncoding = 4; lastKnownFileType = sourcecode.c.h; path = ATHomeTableViewController.h; sourceTree = "<group>"; };
		71F11CFB1BCAB6250017A1BF /* ATHomeTableViewController.m */ = {isa = PBXFileReference; fileEncoding = 4; lastKnownFileType = sourcecode.c.objc; path = ATHomeTableViewController.m; sourceTree = "<group>"; };
/* End PBXFileReference section */

/* Begin PBXFrameworksBuildPhase section */
		716B6CBA1BC1FDB400C2C6B9 /* Frameworks */ = {
			isa = PBXFrameworksBuildPhase;
			buildActionMask = 2147483647;
			files = (
			);
			runOnlyForDeploymentPostprocessing = 0;
		};
		716B6CD31BC1FDB400C2C6B9 /* Frameworks */ = {
			isa = PBXFrameworksBuildPhase;
			buildActionMask = 2147483647;
			files = (
			);
			runOnlyForDeploymentPostprocessing = 0;
		};
/* End PBXFrameworksBuildPhase section */

/* Begin PBXGroup section */
		716B6CB41BC1FDB400C2C6B9 = {
			isa = PBXGroup;
			children = (
				716B6CBF1BC1FDB400C2C6B9 /* AutoLayout */,
				716B6CD91BC1FDB400C2C6B9 /* AutoLayoutTests */,
				716B6CBE1BC1FDB400C2C6B9 /* Products */,
			);
			sourceTree = "<group>";
		};
		716B6CBE1BC1FDB400C2C6B9 /* Products */ = {
			isa = PBXGroup;
			children = (
				716B6CBD1BC1FDB400C2C6B9 /* AutoLayout.app */,
				716B6CD61BC1FDB400C2C6B9 /* AutoLayoutTests.xctest */,
			);
			name = Products;
			sourceTree = "<group>";
		};
		716B6CBF1BC1FDB400C2C6B9 /* AutoLayout */ = {
			isa = PBXGroup;
			children = (
				716B6CC41BC1FDB400C2C6B9 /* AppDelegate.h */,
				716B6CC51BC1FDB400C2C6B9 /* AppDelegate.m */,
				716B6CC71BC1FDB400C2C6B9 /* ViewController.h */,
				716B6CC81BC1FDB400C2C6B9 /* ViewController.m */,
				71F11CFA1BCAB6250017A1BF /* ATHomeTableViewController.h */,
				71F11CFB1BCAB6250017A1BF /* ATHomeTableViewController.m */,
				716B6CCA1BC1FDB400C2C6B9 /* Main.storyboard */,
				716B6CCD1BC1FDB400C2C6B9 /* Images.xcassets */,
				716B6CCF1BC1FDB400C2C6B9 /* LaunchScreen.xib */,
				716B6CC01BC1FDB400C2C6B9 /* Supporting Files */,
			);
			path = AutoLayout;
			sourceTree = "<group>";
		};
		716B6CC01BC1FDB400C2C6B9 /* Supporting Files */ = {
			isa = PBXGroup;
			children = (
				716B6CC11BC1FDB400C2C6B9 /* Info.plist */,
				716B6CC21BC1FDB400C2C6B9 /* main.m */,
			);
			name = "Supporting Files";
			sourceTree = "<group>";
		};
		716B6CD91BC1FDB400C2C6B9 /* AutoLayoutTests */ = {
			isa = PBXGroup;
			children = (
				716B6CDC1BC1FDB400C2C6B9 /* AutoLayoutTests.m */,
				716B6CDA1BC1FDB400C2C6B9 /* Supporting Files */,
			);
			path = AutoLayoutTests;
			sourceTree = "<group>";
		};
		716B6CDA1BC1FDB400C2C6B9 /* Supporting Files */ = {
			isa = PBXGroup;
			children = (
				716B6CDB1BC1FDB400C2C6B9 /* Info.plist */,
			);
			name = "Supporting Files";
			sourceTree = "<group>";
		};
/* End PBXGroup section */

/* Begin PBXNativeTarget section */
		716B6CBC1BC1FDB400C2C6B9 /* AutoLayout */ = {
			isa = PBXNativeTarget;
			buildConfigurationList = 716B6CE01BC1FDB400C2C6B9 /* Build configuration list for PBXNativeTarget "AutoLayout" */;
			buildPhases = (
				716B6CB91BC1FDB400C2C6B9 /* Sources */,
				716B6CBA1BC1FDB400C2C6B9 /* Frameworks */,
				716B6CBB1BC1FDB400C2C6B9 /* Resources */,
			);
			buildRules = (
			);
			dependencies = (
			);
			name = AutoLayout;
			productName = AutoLayout;
			productReference = 716B6CBD1BC1FDB400C2C6B9 /* AutoLayout.app */;
			productType = "com.apple.product-type.application";
		};
		716B6CD51BC1FDB400C2C6B9 /* AutoLayoutTests */ = {
			isa = PBXNativeTarget;
			buildConfigurationList = 716B6CE31BC1FDB400C2C6B9 /* Build configuration list for PBXNativeTarget "AutoLayoutTests" */;
			buildPhases = (
				716B6CD21BC1FDB400C2C6B9 /* Sources */,
				716B6CD31BC1FDB400C2C6B9 /* Frameworks */,
				716B6CD41BC1FDB400C2C6B9 /* Resources */,
			);
			buildRules = (
			);
			dependencies = (
				716B6CD81BC1FDB400C2C6B9 /* PBXTargetDependency */,
			);
			name = AutoLayoutTests;
			productName = AutoLayoutTests;
			productReference = 716B6CD61BC1FDB400C2C6B9 /* AutoLayoutTests.xctest */;
			productType = "com.apple.product-type.bundle.unit-test";
		};
/* End PBXNativeTarget section */

/* Begin PBXProject section */
		716B6CB51BC1FDB400C2C6B9 /* Project object */ = {
			isa = PBXProject;
			attributes = {
				LastUpgradeCheck = 0630;
				ORGANIZATIONNAME = GTALabs;
				TargetAttributes = {
					716B6CBC1BC1FDB400C2C6B9 = {
						CreatedOnToolsVersion = 6.3;
					};
					716B6CD51BC1FDB400C2C6B9 = {
						CreatedOnToolsVersion = 6.3;
						TestTargetID = 716B6CBC1BC1FDB400C2C6B9;
					};
				};
			};
			buildConfigurationList = 716B6CB81BC1FDB400C2C6B9 /* Build configuration list for PBXProject "AutoLayout" */;
			compatibilityVersion = "Xcode 3.2";
			developmentRegion = English;
			hasScannedForEncodings = 0;
			knownRegions = (
				en,
				Base,
			);
			mainGroup = 716B6CB41BC1FDB400C2C6B9;
			productRefGroup = 716B6CBE1BC1FDB400C2C6B9 /* Products */;
			projectDirPath = "";
			projectRoot = "";
			targets = (
				716B6CBC1BC1FDB400C2C6B9 /* AutoLayout */,
				716B6CD51BC1FDB400C2C6B9 /* AutoLayoutTests */,
			);
		};
/* End PBXProject section */

/* Begin PBXResourcesBuildPhase section */
		716B6CBB1BC1FDB400C2C6B9 /* Resources */ = {
			isa = PBXResourcesBuildPhase;
			buildActionMask = 2147483647;
			files = (
				716B6CCC1BC1FDB400C2C6B9 /* Main.storyboard in Resources */,
				716B6CD11BC1FDB400C2C6B9 /* LaunchScreen.xib in Resources */,
				716B6CCE1BC1FDB400C2C6B9 /* Images.xcassets in Resources */,
			);
			runOnlyForDeploymentPostprocessing = 0;
		};
		716B6CD41BC1FDB400C2C6B9 /* Resources */ = {
			isa = PBXResourcesBuildPhase;
			buildActionMask = 2147483647;
			files = (
			);
			runOnlyForDeploymentPostprocessing = 0;
		};
/* End PBXResourcesBuildPhase section */

/* Begin PBXSourcesBuildPhase section */
		716B6CB91BC1FDB400C2C6B9 /* Sources */ = {
			isa = PBXSourcesBuildPhase;
			buildActionMask = 2147483647;
			files = (
				716B6CC91BC1FDB400C2C6B9 /* ViewController.m in Sources */,
				716B6CC61BC1FDB400C2C6B9 /* AppDelegate.m in Sources */,
				716B6CC31BC1FDB400C2C6B9 /* main.m in Sources */,
				71F11CFC1BCAB6250017A1BF /* ATHomeTableViewController.m in Sources */,
			);
			runOnlyForDeploymentPostprocessing = 0;
		};
		716B6CD21BC1FDB400C2C6B9 /* Sources */ = {
			isa = PBXSourcesBuildPhase;
			buildActionMask = 2147483647;
			files = (
				716B6CDD1BC1FDB400C2C6B9 /* AutoLayoutTests.m in Sources */,
			);
			runOnlyForDeploymentPostprocessing = 0;
		};
/* End PBXSourcesBuildPhase section */

/* Begin PBXTargetDependency section */
		716B6CD81BC1FDB400C2C6B9 /* PBXTargetDependency */ = {
			isa = PBXTargetDependency;
			target = 716B6CBC1BC1FDB400C2C6B9 /* AutoLayout */;
			targetProxy = 716B6CD71BC1FDB400C2C6B9 /* PBXContainerItemProxy */;
		};
/* End PBXTargetDependency section */

/* Begin PBXVariantGroup section */
		716B6CCA1BC1FDB400C2C6B9 /* Main.storyboard */ = {
			isa = PBXVariantGroup;
			children = (
				716B6CCB1BC1FDB400C2C6B9 /* Base */,
			);
			name = Main.storyboard;
			sourceTree = "<group>";
		};
		716B6CCF1BC1FDB400C2C6B9 /* LaunchScreen.xib */ = {
			isa = PBXVariantGroup;
			children = (
				716B6CD01BC1FDB400C2C6B9 /* Base */,
			);
			name = LaunchScreen.xib;
			sourceTree = "<group>";
		};
/* End PBXVariantGroup section */

/* Begin XCBuildConfiguration section */
		716B6CDE1BC1FDB400C2C6B9 /* Debug */ = {
			isa = XCBuildConfiguration;
			buildSettings = {
				ALWAYS_SEARCH_USER_PATHS = NO;
				CLANG_CXX_LANGUAGE_STANDARD = "gnu++0x";
				CLANG_CXX_LIBRARY = "libc++";
				CLANG_ENABLE_MODULES = YES;
				CLANG_ENABLE_OBJC_ARC = YES;
				CLANG_WARN_BOOL_CONVERSION = YES;
				CLANG_WARN_CONSTANT_CONVERSION = YES;
				CLANG_WARN_DIRECT_OBJC_ISA_USAGE = YES_ERROR;
				CLANG_WARN_EMPTY_BODY = YES;
				CLANG_WARN_ENUM_CONVERSION = YES;
				CLANG_WARN_INT_CONVERSION = YES;
				CLANG_WARN_OBJC_ROOT_CLASS = YES_ERROR;
				CLANG_WARN_UNREACHABLE_CODE = YES;
				CLANG_WARN__DUPLICATE_METHOD_MATCH = YES;
				"CODE_SIGN_IDENTITY[sdk=iphoneos*]" = "iPhone Developer";
				COPY_PHASE_STRIP = NO;
				DEBUG_INFORMATION_FORMAT = "dwarf-with-dsym";
				ENABLE_STRICT_OBJC_MSGSEND = YES;
				GCC_C_LANGUAGE_STANDARD = gnu99;
				GCC_DYNAMIC_NO_PIC = NO;
				GCC_NO_COMMON_BLOCKS = YES;
				GCC_OPTIMIZATION_LEVEL = 0;
				GCC_PREPROCESSOR_DEFINITIONS = (
					"DEBUG=1",
					"$(inherited)",
				);
				GCC_SYMBOLS_PRIVATE_EXTERN = NO;
				GCC_WARN_64_TO_32_BIT_CONVERSION = YES;
				GCC_WARN_ABOUT_RETURN_TYPE = YES_ERROR;
				GCC_WARN_UNDECLARED_SELECTOR = YES;
				GCC_WARN_UNINITIALIZED_AUTOS = YES_AGGRESSIVE;
				GCC_WARN_UNUSED_FUNCTION = YES;
				GCC_WARN_UNUSED_VARIABLE = YES;
				IPHONEOS_DEPLOYMENT_TARGET = 8.3;
				MTL_ENABLE_DEBUG_INFO = YES;
				ONLY_ACTIVE_ARCH = YES;
				SDKROOT = iphoneos;
				TARGETED_DEVICE_FAMILY = "1,2";
			};
			name = Debug;
		};
		716B6CDF1BC1FDB400C2C6B9 /* Release */ = {
			isa = XCBuildConfiguration;
			buildSettings = {
				ALWAYS_SEARCH_USER_PATHS = NO;
				CLANG_CXX_LANGUAGE_STANDARD = "gnu++0x";
				CLANG_CXX_LIBRARY = "libc++";
				CLANG_ENABLE_MODULES = YES;
				CLANG_ENABLE_OBJC_ARC = YES;
				CLANG_WARN_BOOL_CONVERSION = YES;
				CLANG_WARN_CONSTANT_CONVERSION = YES;
				CLANG_WARN_DIRECT_OBJC_ISA_USAGE = YES_ERROR;
				CLANG_WARN_EMPTY_BODY = YES;
				CLANG_WARN_ENUM_CONVERSION = YES;
				CLANG_WARN_INT_CONVERSION = YES;
				CLANG_WARN_OBJC_ROOT_CLASS = YES_ERROR;
				CLANG_WARN_UNREACHABLE_CODE = YES;
				CLANG_WARN__DUPLICATE_METHOD_MATCH = YES;
				"CODE_SIGN_IDENTITY[sdk=iphoneos*]" = "iPhone Developer";
				COPY_PHASE_STRIP = NO;
				DEBUG_INFORMATION_FORMAT = "dwarf-with-dsym";
				ENABLE_NS_ASSERTIONS = NO;
				ENABLE_STRICT_OBJC_MSGSEND = YES;
				GCC_C_LANGUAGE_STANDARD = gnu99;
				GCC_NO_COMMON_BLOCKS = YES;
				GCC_WARN_64_TO_32_BIT_CONVERSION = YES;
				GCC_WARN_ABOUT_RETURN_TYPE = YES_ERROR;
				GCC_WARN_UNDECLARED_SELECTOR = YES;
				GCC_WARN_UNINITIALIZED_AUTOS = YES_AGGRESSIVE;
				GCC_WARN_UNUSED_FUNCTION = YES;
				GCC_WARN_UNUSED_VARIABLE = YES;
				IPHONEOS_DEPLOYMENT_TARGET = 8.3;
				MTL_ENABLE_DEBUG_INFO = NO;
				SDKROOT = iphoneos;
				TARGETED_DEVICE_FAMILY = "1,2";
				VALIDATE_PRODUCT = YES;
			};
			name = Release;
		};
		716B6CE11BC1FDB400C2C6B9 /* Debug */ = {
			isa = XCBuildConfiguration;
			buildSettings = {
				ASSETCATALOG_COMPILER_APPICON_NAME = AppIcon;
				INFOPLIST_FILE = AutoLayout/Info.plist;
				LD_RUNPATH_SEARCH_PATHS = "$(inherited) @executable_path/Frameworks";
				PRODUCT_NAME = "$(TARGET_NAME)";
			};
			name = Debug;
		};
		716B6CE21BC1FDB400C2C6B9 /* Release */ = {
			isa = XCBuildConfiguration;
			buildSettings = {
				ASSETCATALOG_COMPILER_APPICON_NAME = AppIcon;
				INFOPLIST_FILE = AutoLayout/Info.plist;
				LD_RUNPATH_SEARCH_PATHS = "$(inherited) @executable_path/Frameworks";
				PRODUCT_NAME = "$(TARGET_NAME)";
			};
			name = Release;
		};
		716B6CE41BC1FDB400C2C6B9 /* Debug */ = {
			isa = XCBuildConfiguration;
			buildSettings = {
				BUNDLE_LOADER = "$(TEST_HOST)";
				FRAMEWORK_SEARCH_PATHS = (
					"$(SDKROOT)/Developer/Library/Frameworks",
					"$(inherited)",
				);
				GCC_PREPROCESSOR_DEFINITIONS = (
					"DEBUG=1",
					"$(inherited)",
				);
				INFOPLIST_FILE = AutoLayoutTests/Info.plist;
				LD_RUNPATH_SEARCH_PATHS = "$(inherited) @executable_path/Frameworks @loader_path/Frameworks";
				PRODUCT_NAME = "$(TARGET_NAME)";
				TEST_HOST = "$(BUILT_PRODUCTS_DIR)/AutoLayout.app/AutoLayout";
			};
			name = Debug;
		};
		716B6CE51BC1FDB400C2C6B9 /* Release */ = {
			isa = XCBuildConfiguration;
			buildSettings = {
				BUNDLE_LOADER = "$(TEST_HOST)";
				FRAMEWORK_SEARCH_PATHS = (
					"$(SDKROOT)/Developer/Library/Frameworks",
					"$(inherited)",
				);
				INFOPLIST_FILE = AutoLayoutTests/Info.plist;
				LD_RUNPATH_SEARCH_PATHS = "$(inherited) @executable_path/Frameworks @loader_path/Frameworks";
				PRODUCT_NAME = "$(TARGET_NAME)";
				TEST_HOST = "$(BUILT_PRODUCTS_DIR)/AutoLayout.app/AutoLayout";
			};
			name = Release;
		};
/* End XCBuildConfiguration section */

/* Begin XCConfigurationList section */
		716B6CB81BC1FDB400C2C6B9 /* Build configuration list for PBXProject "AutoLayout" */ = {
			isa = XCConfigurationList;
			buildConfigurations = (
				716B6CDE1BC1FDB400C2C6B9 /* Debug */,
				716B6CDF1BC1FDB400C2C6B9 /* Release */,
			);
			defaultConfigurationIsVisible = 0;
			defaultConfigurationName = Release;
		};
		716B6CE01BC1FDB400C2C6B9 /* Build configuration list for PBXNativeTarget "AutoLayout" */ = {
			isa = XCConfigurationList;
			buildConfigurations = (
				716B6CE11BC1FDB400C2C6B9 /* Debug */,
				716B6CE21BC1FDB400C2C6B9 /* Release */,
			);
			defaultConfigurationIsVisible = 0;
			defaultConfigurationName = Release;
		};
		716B6CE31BC1FDB400C2C6B9 /* Build configuration list for PBXNativeTarget "AutoLayoutTests" */ = {
			isa = XCConfigurationList;
			buildConfigurations = (
				716B6CE41BC1FDB400C2C6B9 /* Debug */,
				716B6CE51BC1FDB400C2C6B9 /* Release */,
			);
			defaultConfigurationIsVisible = 0;
			defaultConfigurationName = Release;
		};
/* End XCConfigurationList section */
	};
	rootObject = 716B6CB51BC1FDB400C2C6B9 /* Project object */;
}
